
Microsoft Visual Studio Solution File, Format Version 12.00
# Visual Studio Version 16
VisualStudioVersion = 16.0.31205.134
MinimumVisualStudioVersion = 10.0.40219.1
Project("{9A19103F-16F7-4668-BE54-9A1E7A4F7556}") = "czatSerwerTIN", "czatSerwerTIN.csproj", "{FA3168BB-2E87-4AB0-AD1F-9CA9B9148141}"
EndProject
Global
	GlobalSection(SolutionConfigurationPlatforms) = preSolution
		Debug|Any CPU = Debug|Any CPU
		Release|Any CPU = Release|Any CPU
	EndGlobalSection
	GlobalSection(ProjectConfigurationPlatforms) = postSolution
		{FA3168BB-2E87-4AB0-AD1F-9CA9B9148141}.Debug|Any CPU.ActiveCfg = Debug|Any CPU
		{FA3168BB-2E87-4AB0-AD1F-9CA9B9148141}.Debug|Any CPU.Build.0 = Debug|Any CPU
		{FA3168BB-2E87-4AB0-AD1F-9CA9B9148141}.Release|Any CPU.ActiveCfg = Release|Any CPU
		{FA3168BB-2E87-4AB0-AD1F-9CA9B9148141}.Release|Any CPU.Build.0 = Release|Any CPU
	EndGlobalSection
	GlobalSection(SolutionProperties) = preSolution
		HideSolutionNode = FALSE
	EndGlobalSection
	GlobalSection(ExtensibilityGlobals) = postSolution
		SolutionGuid = {1F9B2AAB-40A9-4F12-91FE-F6785DA54287}
	EndGlobalSection
EndGlobal
